PODS:
  - PromiseKit (4.5.2):
    - PromiseKit/Foundation (= 4.5.2)
    - PromiseKit/QuartzCore (= 4.5.2)
    - PromiseKit/UIKit (= 4.5.2)
  - PromiseKit/CorePromise (4.5.2)
  - PromiseKit/Foundation (4.5.2):
    - PromiseKit/CorePromise
  - PromiseKit/QuartzCore (4.5.2):
    - PromiseKit/CorePromise
  - RxSwift (4.2.0)
  - Socket.IO-Client-Swift (12.1.3):
    - Starscream (~> 2.1.1)
  - Starscream (2.1.1)
  - WeDeploy (1.2.0):
    - PromiseKit (~> 4.1)
    - RxSwift (~> 4.1)
    - Socket.IO-Client-Swift (~> 12.1)

DEPENDENCIES:
  - WeDeploy

SPEC REPOS:
  https://github.com/CocoaPods/Specs.git:
    - PromiseKit
    - RxSwift
    - Socket.IO-Client-Swift
    - Starscream
    - WeDeploy

SPEC CHECKSUMS:
  PromiseKit: 743e497a5f505a470d3bbbf4ce0663c1268af0a4
  RxSwift: 99e10317ddfcc7fbe01356aafd118fde4a0be104
  Socket.IO-Client-Swift: 2d3838d0e7bc105626872081fb6a23141145e8f8
  Starscream: 142bd8ef24592d985daee9fa48c936070b85b15f
  WeDeploy: f1359e5efa88c6de4d25e4ff0fa31b0f7bbf53c9

PODFILE CHECKSUM: 66fc4130f66c47f93a0bfb85dd55385d6e17a369

COCOAPODS: 1.5.0
